
Microsoft Visual Studio Solution File, Format Version 12.00
# Visual Studio Version 16
VisualStudioVersion = 16.0.31005.135
MinimumVisualStudioVersion = 10.0.40219.1
Project("{FAE04EC0-301F-11D3-BF4B-00C04F79EFBC}") = "siir00", "siir00\siir00.csproj", "{C069FE92-54F4-4FE7-8AF7-953C55A8736C}"
EndProject
Global
	GlobalSection(SolutionConfigurationPlatforms) = preSolution
		Debug|Any CPU = Debug|Any CPU
		Release|Any CPU = Release|Any CPU
	EndGlobalSection
	GlobalSection(ProjectConfigurationPlatforms) = postSolution
		{C069FE92-54F4-4FE7-8AF7-953C55A8736C}.Debug|Any CPU.ActiveCfg = Debug|Any CPU
		{C069FE92-54F4-4FE7-8AF7-953C55A8736C}.Debug|Any CPU.Build.0 = Debug|Any CPU
		{C069FE92-54F4-4FE7-8AF7-953C55A8736C}.Release|Any CPU.ActiveCfg = Release|Any CPU
		{C069FE92-54F4-4FE7-8AF7-953C55A8736C}.Release|Any CPU.Build.0 = Release|Any CPU
	EndGlobalSection
	GlobalSection(SolutionProperties) = preSolution
		HideSolutionNode = FALSE
	EndGlobalSection
	GlobalSection(ExtensibilityGlobals) = postSolution
		SolutionGuid = {68A6F18E-D6C4-4986-B9E7-A2BC50134811}
	EndGlobalSection
EndGlobal
